lockfileVersion: '9.0'

settings:
  autoInstallPeers: true
  excludeLinksFromLockfile: false

importers:

  .:
    dependencies:
      '@atproto/api':
        specifier: ^0.13.15
        version: 0.13.15

packages:

  '@atproto/api@0.13.15':
    resolution: {integrity: sha512-zC8KH+Spcr2HE6vD4hddP5rZpWrGUTWvL8hQmUxa/sAnlsjoFyv/Oja8ZHGXoDsAl6ie5Gd77cPNxaxWH/yIBQ==}

  '@atproto/common-web@0.3.1':
    resolution: {integrity: sha512-N7wiTnus5vAr+lT//0y8m/FaHHLJ9LpGuEwkwDAeV3LCiPif4m/FS8x/QOYrx1PdZQwKso95RAPzCGWQBH5j6Q==}

  '@atproto/lexicon@0.4.2':
    resolution: {integrity: sha512-CXoOkhcdF3XVUnR2oNgCs2ljWfo/8zUjxL5RIhJW/UNLp/FSl+KpF8Jm5fbk8Y/XXVPGRAsv9OYfxyU/14N/pw==}

  '@atproto/syntax@0.3.0':
    resolution: {integrity: sha512-Weq0ZBxffGHDXHl9U7BQc2BFJi/e23AL+k+i5+D9hUq/bzT4yjGsrCejkjq0xt82xXDjmhhvQSZ0LqxyZ5woxA==}

  '@atproto/xrpc@0.6.3':
    resolution: {integrity: sha512-S3tRvOdA9amPkKLll3rc4vphlDitLrkN5TwWh5Tu/jzk7mnobVVE3akYgICV9XCNHKjWM+IAPxFFI2qi+VW6nQ==}

  await-lock@2.2.2:
    resolution: {integrity: sha512-aDczADvlvTGajTDjcjpJMqRkOF6Qdz3YbPZm/PyW6tKPkx2hlYBzxMhEywM/tU72HrVZjgl5VCdRuMlA7pZ8Gw==}

  graphemer@1.4.0:
    resolution: {integrity: sha512-EtKwoO6kxCL9WO5xipiHTZlSzBm7WLT627TqC/uVRd0HKmq8NXyebnNYxDoBi7wt8eTWrUrKXCOVaFq9x1kgag==}

  iso-datestring-validator@2.2.2:
    resolution: {integrity: sha512-yLEMkBbLZTlVQqOnQ4FiMujR6T4DEcCb1xizmvXS+OxuhwcbtynoosRzdMA69zZCShCNAbi+gJ71FxZBBXx1SA==}

  multiformats@9.9.0:
    resolution: {integrity: sha512-HoMUjhH9T8DDBNT+6xzkrd9ga/XiBI4xLr58LJACwK6G3HTOPeMz4nB4KJs33L2BelrIJa7P0VuNaVF3hMYfjg==}

  tlds@1.255.0:
    resolution: {integrity: sha512-tcwMRIioTcF/FcxLev8MJWxCp+GUALRhFEqbDoZrnowmKSGqPrl5pqS+Sut2m8BgJ6S4FExCSSpGffZ0Tks6Aw==}
    hasBin: true

  uint8arrays@3.0.0:
    resolution: {integrity: sha512-HRCx0q6O9Bfbp+HHSfQQKD7wU70+lydKVt4EghkdOvlK/NlrF90z+eXV34mUd48rNvVJXwkrMSPpCATkct8fJA==}

  zod@3.23.8:
    resolution: {integrity: sha512-XBx9AXhXktjUqnepgTiE5flcKIYWi/rme0Eaj+5Y0lftuGBq+jyRu/md4WnuxqgP1ubdpNCsYEYPxrzVHD8d6g==}

snapshots:

  '@atproto/api@0.13.15':
    dependencies:
      '@atproto/common-web': 0.3.1
      '@atproto/lexicon': 0.4.2
      '@atproto/syntax': 0.3.0
      '@atproto/xrpc': 0.6.3
      await-lock: 2.2.2
      multiformats: 9.9.0
      tlds: 1.255.0
      zod: 3.23.8

  '@atproto/common-web@0.3.1':
    dependencies:
      graphemer: 1.4.0
      multiformats: 9.9.0
      uint8arrays: 3.0.0
      zod: 3.23.8

  '@atproto/lexicon@0.4.2':
    dependencies:
      '@atproto/common-web': 0.3.1
      '@atproto/syntax': 0.3.0
      iso-datestring-validator: 2.2.2
      multiformats: 9.9.0
      zod: 3.23.8

  '@atproto/syntax@0.3.0': {}

  '@atproto/xrpc@0.6.3':
    dependencies:
      '@atproto/lexicon': 0.4.2
      zod: 3.23.8

  await-lock@2.2.2: {}

  graphemer@1.4.0: {}

  iso-datestring-validator@2.2.2: {}

  multiformats@9.9.0: {}

  tlds@1.255.0: {}

  uint8arrays@3.0.0:
    dependencies:
      multiformats: 9.9.0

  zod@3.23.8: {}
